{
  "name": "zsharad-app",
  "version": "0.1.0",
  "lockfileVersion": 3,
  "requires": true,
  "packages": {
    "": {
      "name": "zsharad-app",
      "version": "0.1.0",
      "dependencies": {
        "next": "^14.2.23",
        "react": "^18.3.1",
        "react-dom": "^18.3.1"
      }
    },
    "node_modules/next": {
      "version": "14.2.23",
      "resolved": "https://registry.npmjs.org/next/-/next-14.2.23.tgz",
      "integrity": "sha512-mjN3fE0uJtygBWcI8U8gaS/wDNGD9X5D+prfUzIxAQHx61G1Qn0UilxrNc6gtFcQ7SsrHJ4Jw6Bqg1Ept5FZnw==",
      "dependencies": {
        "@next/env": "14.2.23",
        "@swc/helpers": "0.5.5",
        "busboy": "1.6.0",
        "caniuse-lite": "^1.0.30001579",
        "graceful-fs": "^4.2.11",
        "postcss": "8.4.31",
        "styled-jsx": "5.1.1"
      },
      "bin": {
        "next": "dist/bin/next"
      },
      "engines": {
        "node": ">=18.17.0"
      }
    }
  }
}
